{
  "name": "firstplace",
  "version": "1.0.0",
  "lockfileVersion": 1,
  "requires": true,
  "dependencies": {
    "aframe-animation-timeline-component": {
      "version": "2.0.0",
      "resolved": "https://registry.npmjs.org/aframe-animation-timeline-component/-/aframe-animation-timeline-component-2.0.0.tgz",
      "integrity": "sha512-EbAzphGirIXVO0laUEhQiDl1LVKz8v59xyb/mwc+k983JldmtghwejaFrhOidFpJhl4s8lzz80CFHShQEkglSA=="
    }
  }
}
